// !$*UTF8*$!
{
	archiveVersion = 1;
	classes = {
	};
	objectVersion = 56;
	objects = {

/* Begin PBXBuildFile section */
		299D85662A55D4E10017581F /* DebuggingSceneDelegate.swift in Sources */ = {isa = PBXBuildFile; fileRef = 299D85652A55D4E10017581F /* DebuggingSceneDelegate.swift */; };
		299D85682A55D89A0017581F /* SceneDelegateTests.swift in Sources */ = {isa = PBXBuildFile; fileRef = 299D85672A55D89A0017581F /* SceneDelegateTests.swift */; };
		29D76DF52A5491E900E64C41 /* AppDelegate.swift in Sources */ = {isa = PBXBuildFile; fileRef = 29D76DF42A5491E900E64C41 /* AppDelegate.swift */; };
		29D76DF72A5491E900E64C41 /* SceneDelegate.swift in Sources */ = {isa = PBXBuildFile; fileRef = 29D76DF62A5491E900E64C41 /* SceneDelegate.swift */; };
		29D76DF92A5491E900E64C41 /* ViewController.swift in Sources */ = {isa = PBXBuildFile; fileRef = 29D76DF82A5491E900E64C41 /* ViewController.swift */; };
		29D76DFC2A5491E900E64C41 /* Main.storyboard in Resources */ = {isa = PBXBuildFile; fileRef = 29D76DFA2A5491E900E64C41 /* Main.storyboard */; };
		29D76DFE2A5491EA00E64C41 /* Assets.xcassets in Resources */ = {isa = PBXBuildFile; fileRef = 29D76DFD2A5491EA00E64C41 /* Assets.xcassets */; };
		29D76E012A5491EA00E64C41 /* LaunchScreen.storyboard in Resources */ = {isa = PBXBuildFile; fileRef = 29D76DFF2A5491EA00E64C41 /* LaunchScreen.storyboard */; };
		29D76E132A54945900E64C41 /* EssentialFeed.framework in Frameworks */ = {isa = PBXBuildFile; fileRef = 29D76E112A54945900E64C41 /* EssentialFeed.framework */; };
		29D76E142A54945900E64C41 /* EssentialFeed.framework in Embed Frameworks */ = {isa = PBXBuildFile; fileRef = 29D76E112A54945900E64C41 /* EssentialFeed.framework */; settings = {ATTRIBUTES = (CodeSignOnCopy, RemoveHeadersOnCopy, ); }; };
		29D76E152A54945900E64C41 /* EssentialFeediOS.framework in Frameworks */ = {isa = PBXBuildFile; fileRef = 29D76E122A54945900E64C41 /* EssentialFeediOS.framework */; };
		29D76E162A54945900E64C41 /* EssentialFeediOS.framework in Embed Frameworks */ = {isa = PBXBuildFile; fileRef = 29D76E122A54945900E64C41 /* EssentialFeediOS.framework */; settings = {ATTRIBUTES = (CodeSignOnCopy, RemoveHeadersOnCopy, ); }; };
		29D76E262A549B0700E64C41 /* FeedLoaderWithFallbackCompositeTests.swift in Sources */ = {isa = PBXBuildFile; fileRef = 29D76E252A549B0700E64C41 /* FeedLoaderWithFallbackCompositeTests.swift */; };
		29D76E282A55A00100E64C41 /* FeedLoaderWithFallbackComposite.swift in Sources */ = {isa = PBXBuildFile; fileRef = 29D76E272A55A00100E64C41 /* FeedLoaderWithFallbackComposite.swift */; };
		29D76E2A2A55A08500E64C41 /* FeedImageDataLoaderWithFallbackComposite.swift in Sources */ = {isa = PBXBuildFile; fileRef = 29D76E292A55A08500E64C41 /* FeedImageDataLoaderWithFallbackComposite.swift */; };
		29D76E2C2A55A28900E64C41 /* FeedImageDataLoaderWithFallbackComposite.swift in Sources */ = {isa = PBXBuildFile; fileRef = 29D76E2B2A55A28900E64C41 /* FeedImageDataLoaderWithFallbackComposite.swift */; };
		29D76E2F2A55A30000E64C41 /* XCTestCase+MemoryLeakTracking.swift in Sources */ = {isa = PBXBuildFile; fileRef = 29D76E2E2A55A30000E64C41 /* XCTestCase+MemoryLeakTracking.swift */; };
		29D76E312A55A36500E64C41 /* SharedTestHelpers.swift in Sources */ = {isa = PBXBuildFile; fileRef = 29D76E302A55A36500E64C41 /* SharedTestHelpers.swift */; };
		29D76E332A55B18700E64C41 /* FeedLoaderCacheDecoratorTests.swift in Sources */ = {isa = PBXBuildFile; fileRef = 29D76E322A55B18700E64C41 /* FeedLoaderCacheDecoratorTests.swift */; };
		29D76E352A55B1F400E64C41 /* FeedLoaderStub.swift in Sources */ = {isa = PBXBuildFile; fileRef = 29D76E342A55B1F400E64C41 /* FeedLoaderStub.swift */; };
		29D76E372A55B31D00E64C41 /* XCTestCase+FeedLoader.swift in Sources */ = {isa = PBXBuildFile; fileRef = 29D76E362A55B31D00E64C41 /* XCTestCase+FeedLoader.swift */; };
		29D76E3B2A55B9E900E64C41 /* FeedLoaderCacheDecorator.swift in Sources */ = {isa = PBXBuildFile; fileRef = 29D76E3A2A55B9E900E64C41 /* FeedLoaderCacheDecorator.swift */; };
		29D76E3D2A55BB7400E64C41 /* FeedImageDataLoaderCacheDecoratorTests.swift in Sources */ = {isa = PBXBuildFile; fileRef = 29D76E3C2A55BB7400E64C41 /* FeedImageDataLoaderCacheDecoratorTests.swift */; };
		29D76E3F2A55BBC000E64C41 /* FeedImageDataLoaderSpy.swift in Sources */ = {isa = PBXBuildFile; fileRef = 29D76E3E2A55BBC000E64C41 /* FeedImageDataLoaderSpy.swift */; };
		29D76E412A55BC8100E64C41 /* XCTestCase+FeedImageDataLoader.swift in Sources */ = {isa = PBXBuildFile; fileRef = 29D76E402A55BC8100E64C41 /* XCTestCase+FeedImageDataLoader.swift */; };
		29D76E452A55C55500E64C41 /* FeedImageDataLoaderCacheDecorator.swift in Sources */ = {isa = PBXBuildFile; fileRef = 29D76E442A55C55500E64C41 /* FeedImageDataLoaderCacheDecorator.swift */; };
		29D76E4D2A55C84300E64C41 /* EssentialAppUIAcceptanceTests.swift in Sources */ = {isa = PBXBuildFile; fileRef = 29D76E4C2A55C84300E64C41 /* EssentialAppUIAcceptanceTests.swift */; };
/* End PBXBuildFile section */

/* Begin PBXContainerItemProxy section */
		29D76E202A54994900E64C41 /* PBXContainerItemProxy */ = {
			isa = PBXContainerItemProxy;
			containerPortal = 29D76DE92A5491E900E64C41 /* Project object */;
			proxyType = 1;
			remoteGlobalIDString = 29D76DF02A5491E900E64C41;
			remoteInfo = EssentialApp;
		};
		29D76E502A55C84300E64C41 /* PBXContainerItemProxy */ = {
			isa = PBXContainerItemProxy;
			containerPortal = 29D76DE92A5491E900E64C41 /* Project object */;
			proxyType = 1;
			remoteGlobalIDString = 29D76DF02A5491E900E64C41;
			remoteInfo = EssentialApp;
		};
/* End PBXContainerItemProxy section */

/* Begin PBXCopyFilesBuildPhase section */
		29D76E172A54945900E64C41 /* Embed Frameworks */ = {
			isa = PBXCopyFilesBuildPhase;
			buildActionMask = 2147483647;
			dstPath = "";
			dstSubfolderSpec = 10;
			files = (
				29D76E142A54945900E64C41 /* EssentialFeed.framework in Embed Frameworks */,
				29D76E162A54945900E64C41 /* EssentialFeediOS.framework in Embed Frameworks */,
			);
			name = "Embed Frameworks";
			runOnlyForDeploymentPostprocessing = 0;
		};
/* End PBXCopyFilesBuildPhase section */

/* Begin PBXFileReference section */
		299D85652A55D4E10017581F /* DebuggingSceneDelegate.swift */ = {isa = PBXFileReference; lastKnownFileType = sourcecode.swift; path = DebuggingSceneDelegate.swift; sourceTree = "<group>"; };
		299D85672A55D89A0017581F /* SceneDelegateTests.swift */ = {isa = PBXFileReference; lastKnownFileType = sourcecode.swift; path = SceneDelegateTests.swift; sourceTree = "<group>"; };
		29D76DF12A5491E900E64C41 /* EssentialApp.app */ = {isa = PBXFileReference; explicitFileType = wrapper.application; includeInIndex = 0; path = EssentialApp.app; sourceTree = BUILT_PRODUCTS_DIR; };
		29D76DF42A5491E900E64C41 /* AppDelegate.swift */ = {isa = PBXFileReference; lastKnownFileType = sourcecode.swift; path = AppDelegate.swift; sourceTree = "<group>"; };
		29D76DF62A5491E900E64C41 /* SceneDelegate.swift */ = {isa = PBXFileReference; lastKnownFileType = sourcecode.swift; path = SceneDelegate.swift; sourceTree = "<group>"; };
		29D76DF82A5491E900E64C41 /* ViewController.swift */ = {isa = PBXFileReference; lastKnownFileType = sourcecode.swift; path = ViewController.swift; sourceTree = "<group>"; };
		29D76DFB2A5491E900E64C41 /* Base */ = {isa = PBXFileReference; lastKnownFileType = file.storyboard; name = Base; path = Base.lproj/Main.storyboard; sourceTree = "<group>"; };
		29D76DFD2A5491EA00E64C41 /* Assets.xcassets */ = {isa = PBXFileReference; lastKnownFileType = folder.assetcatalog; path = Assets.xcassets; sourceTree = "<group>"; };
		29D76E002A5491EA00E64C41 /* Base */ = {isa = PBXFileReference; lastKnownFileType = file.storyboard; name = Base; path = Base.lproj/LaunchScreen.storyboard; sourceTree = "<group>"; };
		29D76E022A5491EA00E64C41 /* Info.plist */ = {isa = PBXFileReference; lastKnownFileType = text.plist.xml; path = Info.plist; sourceTree = "<group>"; };
		29D76E112A54945900E64C41 /* EssentialFeed.framework */ = {isa = PBXFileReference; explicitFileType = wrapper.framework; path = EssentialFeed.framework; sourceTree = BUILT_PRODUCTS_DIR; };
		29D76E122A54945900E64C41 /* EssentialFeediOS.framework */ = {isa = PBXFileReference; explicitFileType = wrapper.framework; path = EssentialFeediOS.framework; sourceTree = BUILT_PRODUCTS_DIR; };
		29D76E1C2A54994900E64C41 /* EssentialAppTests.xctest */ = {isa = PBXFileReference; explicitFileType = wrapper.cfbundle; includeInIndex = 0; path = EssentialAppTests.xctest; sourceTree = BUILT_PRODUCTS_DIR; };
		29D76E252A549B0700E64C41 /* FeedLoaderWithFallbackCompositeTests.swift */ = {isa = PBXFileReference; lastKnownFileType = sourcecode.swift; path = FeedLoaderWithFallbackCompositeTests.swift; sourceTree = "<group>"; };
		29D76E272A55A00100E64C41 /* FeedLoaderWithFallbackComposite.swift */ = {isa = PBXFileReference; lastKnownFileType = sourcecode.swift; path = FeedLoaderWithFallbackComposite.swift; sourceTree = "<group>"; };
		29D76E292A55A08500E64C41 /* FeedImageDataLoaderWithFallbackComposite.swift */ = {isa = PBXFileReference; lastKnownFileType = sourcecode.swift; path = FeedImageDataLoaderWithFallbackComposite.swift; sourceTree = "<group>"; };
		29D76E2B2A55A28900E64C41 /* FeedImageDataLoaderWithFallbackComposite.swift */ = {isa = PBXFileReference; lastKnownFileType = sourcecode.swift; path = FeedImageDataLoaderWithFallbackComposite.swift; sourceTree = "<group>"; };
		29D76E2E2A55A30000E64C41 /* XCTestCase+MemoryLeakTracking.swift */ = {isa = PBXFileReference; lastKnownFileType = sourcecode.swift; path = "XCTestCase+MemoryLeakTracking.swift"; sourceTree = "<group>"; };
		29D76E302A55A36500E64C41 /* SharedTestHelpers.swift */ = {isa = PBXFileReference; lastKnownFileType = sourcecode.swift; path = SharedTestHelpers.swift; sourceTree = "<group>"; };
		29D76E322A55B18700E64C41 /* FeedLoaderCacheDecoratorTests.swift */ = {isa = PBXFileReference; lastKnownFileType = sourcecode.swift; path = FeedLoaderCacheDecoratorTests.swift; sourceTree = "<group>"; };
		29D76E342A55B1F400E64C41 /* FeedLoaderStub.swift */ = {isa = PBXFileReference; lastKnownFileType = sourcecode.swift; path = FeedLoaderStub.swift; sourceTree = "<group>"; };
		29D76E362A55B31D00E64C41 /* XCTestCase+FeedLoader.swift */ = {isa = PBXFileReference; lastKnownFileType = sourcecode.swift; path = "XCTestCase+FeedLoader.swift"; sourceTree = "<group>"; };
		29D76E3A2A55B9E900E64C41 /* FeedLoaderCacheDecorator.swift */ = {isa = PBXFileReference; lastKnownFileType = sourcecode.swift; path = FeedLoaderCacheDecorator.swift; sourceTree = "<group>"; };
		29D76E3C2A55BB7400E64C41 /* FeedImageDataLoaderCacheDecoratorTests.swift */ = {isa = PBXFileReference; lastKnownFileType = sourcecode.swift; path = FeedImageDataLoaderCacheDecoratorTests.swift; sourceTree = "<group>"; };
		29D76E3E2A55BBC000E64C41 /* FeedImageDataLoaderSpy.swift */ = {isa = PBXFileReference; lastKnownFileType = sourcecode.swift; path = FeedImageDataLoaderSpy.swift; sourceTree = "<group>"; };
		29D76E402A55BC8100E64C41 /* XCTestCase+FeedImageDataLoader.swift */ = {isa = PBXFileReference; lastKnownFileType = sourcecode.swift; path = "XCTestCase+FeedImageDataLoader.swift"; sourceTree = "<group>"; };
		29D76E442A55C55500E64C41 /* FeedImageDataLoaderCacheDecorator.swift */ = {isa = PBXFileReference; lastKnownFileType = sourcecode.swift; path = FeedImageDataLoaderCacheDecorator.swift; sourceTree = "<group>"; };
		29D76E4A2A55C84300E64C41 /* EssentialAppUIAcceptanceTests.xctest */ = {isa = PBXFileReference; explicitFileType = wrapper.cfbundle; includeInIndex = 0; path = EssentialAppUIAcceptanceTests.xctest; sourceTree = BUILT_PRODUCTS_DIR; };
		29D76E4C2A55C84300E64C41 /* EssentialAppUIAcceptanceTests.swift */ = {isa = PBXFileReference; lastKnownFileType = sourcecode.swift; path = EssentialAppUIAcceptanceTests.swift; sourceTree = "<group>"; };
/* End PBXFileReference section */

/* Begin PBXFrameworksBuildPhase section */
		29D76DEE2A5491E900E64C41 /* Frameworks */ = {
			isa = PBXFrameworksBuildPhase;
			buildActionMask = 2147483647;
			files = (
				29D76E132A54945900E64C41 /* EssentialFeed.framework in Frameworks */,
				29D76E152A54945900E64C41 /* EssentialFeediOS.framework in Frameworks */,
			);
			runOnlyForDeploymentPostprocessing = 0;
		};
		29D76E192A54994900E64C41 /* Frameworks */ = {
			isa = PBXFrameworksBuildPhase;
			buildActionMask = 2147483647;
			files = (
			);
			runOnlyForDeploymentPostprocessing = 0;
		};
		29D76E472A55C84300E64C41 /* Frameworks */ = {
			isa = PBXFrameworksBuildPhase;
			buildActionMask = 2147483647;
			files = (
			);
			runOnlyForDeploymentPostprocessing = 0;
		};
/* End PBXFrameworksBuildPhase section */

/* Begin PBXGroup section */
		29D76DE82A5491E900E64C41 = {
			isa = PBXGroup;
			children = (
				29D76DF32A5491E900E64C41 /* EssentialApp */,
				29D76E1D2A54994900E64C41 /* EssentialAppTests */,
				29D76E4B2A55C84300E64C41 /* EssentialAppUIAcceptanceTests */,
				29D76DF22A5491E900E64C41 /* Products */,
				29D76E102A54945900E64C41 /* Frameworks */,
			);
			sourceTree = "<group>";
		};
		29D76DF22A5491E900E64C41 /* Products */ = {
			isa = PBXGroup;
			children = (
				29D76DF12A5491E900E64C41 /* EssentialApp.app */,
				29D76E1C2A54994900E64C41 /* EssentialAppTests.xctest */,
				29D76E4A2A55C84300E64C41 /* EssentialAppUIAcceptanceTests.xctest */,
			);
			name = Products;
			sourceTree = "<group>";
		};
		29D76DF32A5491E900E64C41 /* EssentialApp */ = {
			isa = PBXGroup;
			children = (
				29D76DF42A5491E900E64C41 /* AppDelegate.swift */,
				29D76DF62A5491E900E64C41 /* SceneDelegate.swift */,
				29D76DF82A5491E900E64C41 /* ViewController.swift */,
				29D76DFA2A5491E900E64C41 /* Main.storyboard */,
				29D76DFD2A5491EA00E64C41 /* Assets.xcassets */,
				29D76DFF2A5491EA00E64C41 /* LaunchScreen.storyboard */,
				29D76E022A5491EA00E64C41 /* Info.plist */,
				29D76E272A55A00100E64C41 /* FeedLoaderWithFallbackComposite.swift */,
				29D76E2B2A55A28900E64C41 /* FeedImageDataLoaderWithFallbackComposite.swift */,
				29D76E3A2A55B9E900E64C41 /* FeedLoaderCacheDecorator.swift */,
				29D76E442A55C55500E64C41 /* FeedImageDataLoaderCacheDecorator.swift */,
				299D85652A55D4E10017581F /* DebuggingSceneDelegate.swift */,
			);
			path = EssentialApp;
			sourceTree = "<group>";
		};
		29D76E102A54945900E64C41 /* Frameworks */ = {
			isa = PBXGroup;
			children = (
				29D76E112A54945900E64C41 /* EssentialFeed.framework */,
				29D76E122A54945900E64C41 /* EssentialFeediOS.framework */,
			);
			name = Frameworks;
			sourceTree = "<group>";
		};
		29D76E1D2A54994900E64C41 /* EssentialAppTests */ = {
			isa = PBXGroup;
			children = (
				29D76E2D2A55A2F100E64C41 /* Helpers */,
				29D76E252A549B0700E64C41 /* FeedLoaderWithFallbackCompositeTests.swift */,
				29D76E292A55A08500E64C41 /* FeedImageDataLoaderWithFallbackComposite.swift */,
				29D76E322A55B18700E64C41 /* FeedLoaderCacheDecoratorTests.swift */,
				29D76E3C2A55BB7400E64C41 /* FeedImageDataLoaderCacheDecoratorTests.swift */,
				299D85672A55D89A0017581F /* SceneDelegateTests.swift */,
			);
			path = EssentialAppTests;
			sourceTree = "<group>";
		};
		29D76E2D2A55A2F100E64C41 /* Helpers */ = {
			isa = PBXGroup;
			children = (
				29D76E2E2A55A30000E64C41 /* XCTestCase+MemoryLeakTracking.swift */,
				29D76E302A55A36500E64C41 /* SharedTestHelpers.swift */,
				29D76E342A55B1F400E64C41 /* FeedLoaderStub.swift */,
				29D76E362A55B31D00E64C41 /* XCTestCase+FeedLoader.swift */,
				29D76E3E2A55BBC000E64C41 /* FeedImageDataLoaderSpy.swift */,
				29D76E402A55BC8100E64C41 /* XCTestCase+FeedImageDataLoader.swift */,
			);
			path = Helpers;
			sourceTree = "<group>";
		};
		29D76E4B2A55C84300E64C41 /* EssentialAppUIAcceptanceTests */ = {
			isa = PBXGroup;
			children = (
				29D76E4C2A55C84300E64C41 /* EssentialAppUIAcceptanceTests.swift */,
			);
			path = EssentialAppUIAcceptanceTests;
			sourceTree = "<group>";
		};
/* End PBXGroup section */

/* Begin PBXNativeTarget section */
		29D76DF02A5491E900E64C41 /* EssentialApp */ = {
			isa = PBXNativeTarget;
			buildConfigurationList = 29D76E052A5491EA00E64C41 /* Build configuration list for PBXNativeTarget "EssentialApp" */;
			buildPhases = (
				29D76DED2A5491E900E64C41 /* Sources */,
				29D76DEE2A5491E900E64C41 /* Frameworks */,
				29D76DEF2A5491E900E64C41 /* Resources */,
				29D76E172A54945900E64C41 /* Embed Frameworks */,
			);
			buildRules = (
			);
			dependencies = (
			);
			name = EssentialApp;
			productName = EssentialApp;
			productReference = 29D76DF12A5491E900E64C41 /* EssentialApp.app */;
			productType = "com.apple.product-type.application";
		};
		29D76E1B2A54994900E64C41 /* EssentialAppTests */ = {
			isa = PBXNativeTarget;
			buildConfigurationList = 29D76E222A54994900E64C41 /* Build configuration list for PBXNativeTarget "EssentialAppTests" */;
			buildPhases = (
				29D76E182A54994900E64C41 /* Sources */,
				29D76E192A54994900E64C41 /* Frameworks */,
				29D76E1A2A54994900E64C41 /* Resources */,
			);
			buildRules = (
			);
			dependencies = (
				29D76E212A54994900E64C41 /* PBXTargetDependency */,
			);
			name = EssentialAppTests;
			productName = EssentialAppTests;
			productReference = 29D76E1C2A54994900E64C41 /* EssentialAppTests.xctest */;
			productType = "com.apple.product-type.bundle.unit-test";
		};
		29D76E492A55C84300E64C41 /* EssentialAppUIAcceptanceTests */ = {
			isa = PBXNativeTarget;
			buildConfigurationList = 29D76E522A55C84300E64C41 /* Build configuration list for PBXNativeTarget "EssentialAppUIAcceptanceTests" */;
			buildPhases = (
				29D76E462A55C84300E64C41 /* Sources */,
				29D76E472A55C84300E64C41 /* Frameworks */,
				29D76E482A55C84300E64C41 /* Resources */,
			);
			buildRules = (
			);
			dependencies = (
				29D76E512A55C84300E64C41 /* PBXTargetDependency */,
			);
			name = EssentialAppUIAcceptanceTests;
			productName = EssentialAppUIAcceptanceTests;
			productReference = 29D76E4A2A55C84300E64C41 /* EssentialAppUIAcceptanceTests.xctest */;
			productType = "com.apple.product-type.bundle.ui-testing";
		};
/* End PBXNativeTarget section */

/* Begin PBXProject section */
		29D76DE92A5491E900E64C41 /* Project object */ = {
			isa = PBXProject;
			attributes = {
				BuildIndependentTargetsInParallel = 1;
				LastSwiftUpdateCheck = 1420;
				LastUpgradeCheck = 1420;
				TargetAttributes = {
					29D76DF02A5491E900E64C41 = {
						CreatedOnToolsVersion = 14.2;
					};
					29D76E1B2A54994900E64C41 = {
						CreatedOnToolsVersion = 14.2;
						LastSwiftMigration = 1420;
						TestTargetID = 29D76DF02A5491E900E64C41;
					};
					29D76E492A55C84300E64C41 = {
						CreatedOnToolsVersion = 14.2;
						TestTargetID = 29D76DF02A5491E900E64C41;
					};
				};
			};
			buildConfigurationList = 29D76DEC2A5491E900E64C41 /* Build configuration list for PBXProject "EssentialApp" */;
			compatibilityVersion = "Xcode 14.0";
			developmentRegion = en;
			hasScannedForEncodings = 0;
			knownRegions = (
				en,
				Base,
			);
			mainGroup = 29D76DE82A5491E900E64C41;
			productRefGroup = 29D76DF22A5491E900E64C41 /* Products */;
			projectDirPath = "";
			projectRoot = "";
			targets = (
				29D76DF02A5491E900E64C41 /* EssentialApp */,
				29D76E1B2A54994900E64C41 /* EssentialAppTests */,
				29D76E492A55C84300E64C41 /* EssentialAppUIAcceptanceTests */,
			);
		};
/* End PBXProject section */

/* Begin PBXResourcesBuildPhase section */
		29D76DEF2A5491E900E64C41 /* Resources */ = {
			isa = PBXResourcesBuildPhase;
			buildActionMask = 2147483647;
			files = (
				29D76E012A5491EA00E64C41 /* LaunchScreen.storyboard in Resources */,
				29D76DFE2A5491EA00E64C41 /* Assets.xcassets in Resources */,
				29D76DFC2A5491E900E64C41 /* Main.storyboard in Resources */,
			);
			runOnlyForDeploymentPostprocessing = 0;
		};
		29D76E1A2A54994900E64C41 /* Resources */ = {
			isa = PBXResourcesBuildPhase;
			buildActionMask = 2147483647;
			files = (
			);
			runOnlyForDeploymentPostprocessing = 0;
		};
		29D76E482A55C84300E64C41 /* Resources */ = {
			isa = PBXResourcesBuildPhase;
			buildActionMask = 2147483647;
			files = (
			);
			runOnlyForDeploymentPostprocessing = 0;
		};
/* End PBXResourcesBuildPhase section */

/* Begin PBXSourcesBuildPhase section */
		29D76DED2A5491E900E64C41 /* Sources */ = {
			isa = PBXSourcesBuildPhase;
			buildActionMask = 2147483647;
			files = (
				29D76DF92A5491E900E64C41 /* ViewController.swift in Sources */,
				29D76DF52A5491E900E64C41 /* AppDelegate.swift in Sources */,
				29D76E282A55A00100E64C41 /* FeedLoaderWithFallbackComposite.swift in Sources */,
				29D76E3B2A55B9E900E64C41 /* FeedLoaderCacheDecorator.swift in Sources */,
				299D85662A55D4E10017581F /* DebuggingSceneDelegate.swift in Sources */,
				29D76DF72A5491E900E64C41 /* SceneDelegate.swift in Sources */,
				29D76E2C2A55A28900E64C41 /* FeedImageDataLoaderWithFallbackComposite.swift in Sources */,
				29D76E452A55C55500E64C41 /* FeedImageDataLoaderCacheDecorator.swift in Sources */,
			);
			runOnlyForDeploymentPostprocessing = 0;
		};
		29D76E182A54994900E64C41 /* Sources */ = {
			isa = PBXSourcesBuildPhase;
			buildActionMask = 2147483647;
			files = (
				29D76E312A55A36500E64C41 /* SharedTestHelpers.swift in Sources */,
				29D76E3D2A55BB7400E64C41 /* FeedImageDataLoaderCacheDecoratorTests.swift in Sources */,
				29D76E372A55B31D00E64C41 /* XCTestCase+FeedLoader.swift in Sources */,
				29D76E412A55BC8100E64C41 /* XCTestCase+FeedImageDataLoader.swift in Sources */,
				299D85682A55D89A0017581F /* SceneDelegateTests.swift in Sources */,
				29D76E332A55B18700E64C41 /* FeedLoaderCacheDecoratorTests.swift in Sources */,
				29D76E3F2A55BBC000E64C41 /* FeedImageDataLoaderSpy.swift in Sources */,
				29D76E2A2A55A08500E64C41 /* FeedImageDataLoaderWithFallbackComposite.swift in Sources */,
				29D76E262A549B0700E64C41 /* FeedLoaderWithFallbackCompositeTests.swift in Sources */,
				29D76E352A55B1F400E64C41 /* FeedLoaderStub.swift in Sources */,
				29D76E2F2A55A30000E64C41 /* XCTestCase+MemoryLeakTracking.swift in Sources */,
			);
			runOnlyForDeploymentPostprocessing = 0;
		};
		29D76E462A55C84300E64C41 /* Sources */ = {
			isa = PBXSourcesBuildPhase;
			buildActionMask = 2147483647;
			files = (
				29D76E4D2A55C84300E64C41 /* EssentialAppUIAcceptanceTests.swift in Sources */,
			);
			runOnlyForDeploymentPostprocessing = 0;
		};
/* End PBXSourcesBuildPhase section */

/* Begin PBXTargetDependency section */
		29D76E212A54994900E64C41 /* PBXTargetDependency */ = {
			isa = PBXTargetDependency;
			target = 29D76DF02A5491E900E64C41 /* EssentialApp */;
			targetProxy = 29D76E202A54994900E64C41 /* PBXContainerItemProxy */;
		};
		29D76E512A55C84300E64C41 /* PBXTargetDependency */ = {
			isa = PBXTargetDependency;
			target = 29D76DF02A5491E900E64C41 /* EssentialApp */;
			targetProxy = 29D76E502A55C84300E64C41 /* PBXContainerItemProxy */;
		};
/* End PBXTargetDependency section */

/* Begin PBXVariantGroup section */
		29D76DFA2A5491E900E64C41 /* Main.storyboard */ = {
			isa = PBXVariantGroup;
			children = (
				29D76DFB2A5491E900E64C41 /* Base */,
			);
			name = Main.storyboard;
			sourceTree = "<group>";
		};
		29D76DFF2A5491EA00E64C41 /* LaunchScreen.storyboard */ = {
			isa = PBXVariantGroup;
			children = (
				29D76E002A5491EA00E64C41 /* Base */,
			);
			name = LaunchScreen.storyboard;
			sourceTree = "<group>";
		};
/* End PBXVariantGroup section */

/* Begin XCBuildConfiguration section */
		29D76E032A5491EA00E64C41 /* Debug */ = {
			isa = XCBuildConfiguration;
			buildSettings = {
				ALWAYS_SEARCH_USER_PATHS = NO;
				CLANG_ANALYZER_NONNULL = YES;
				CLANG_ANALYZER_NUMBER_OBJECT_CONVERSION = YES_AGGRESSIVE;
				CLANG_CXX_LANGUAGE_STANDARD = "gnu++20";
				CLANG_ENABLE_MODULES = YES;
				CLANG_ENABLE_OBJC_ARC = YES;
				CLANG_ENABLE_OBJC_WEAK = YES;
				CLANG_WARN_BLOCK_CAPTURE_AUTORELEASING = YES;
				CLANG_WARN_BOOL_CONVERSION = YES;
				CLANG_WARN_COMMA = YES;
				CLANG_WARN_CONSTANT_CONVERSION = YES;
				CLANG_WARN_DEPRECATED_OBJC_IMPLEMENTATIONS = YES;
				CLANG_WARN_DIRECT_OBJC_ISA_USAGE = YES_ERROR;
				CLANG_WARN_DOCUMENTATION_COMMENTS = YES;
				CLANG_WARN_EMPTY_BODY = YES;
				CLANG_WARN_ENUM_CONVERSION = YES;
				CLANG_WARN_INFINITE_RECURSION = YES;
				CLANG_WARN_INT_CONVERSION = YES;
				CLANG_WARN_NON_LITERAL_NULL_CONVERSION = YES;
				CLANG_WARN_OBJC_IMPLICIT_RETAIN_SELF = YES;
				CLANG_WARN_OBJC_LITERAL_CONVERSION = YES;
				CLANG_WARN_OBJC_ROOT_CLASS = YES_ERROR;
				CLANG_WARN_QUOTED_INCLUDE_IN_FRAMEWORK_HEADER = YES;
				CLANG_WARN_RANGE_LOOP_ANALYSIS = YES;
				CLANG_WARN_STRICT_PROTOTYPES = YES;
				CLANG_WARN_SUSPICIOUS_MOVE = YES;
				CLANG_WARN_UNGUARDED_AVAILABILITY = YES_AGGRESSIVE;
				CLANG_WARN_UNREACHABLE_CODE = YES;
				CLANG_WARN__DUPLICATE_METHOD_MATCH = YES;
				COPY_PHASE_STRIP = NO;
				DEBUG_INFORMATION_FORMAT = dwarf;
				ENABLE_STRICT_OBJC_MSGSEND = YES;
				ENABLE_TESTABILITY = YES;
				GCC_C_LANGUAGE_STANDARD = gnu11;
				GCC_DYNAMIC_NO_PIC = NO;
				GCC_NO_COMMON_BLOCKS = YES;
				GCC_OPTIMIZATION_LEVEL = 0;
				GCC_PREPROCESSOR_DEFINITIONS = (
					"DEBUG=1",
					"$(inherited)",
				);
				GCC_WARN_64_TO_32_BIT_CONVERSION = YES;
				GCC_WARN_ABOUT_RETURN_TYPE = YES_ERROR;
				GCC_WARN_UNDECLARED_SELECTOR = YES;
				GCC_WARN_UNINITIALIZED_AUTOS = YES_AGGRESSIVE;
				GCC_WARN_UNUSED_FUNCTION = YES;
				GCC_WARN_UNUSED_VARIABLE = YES;
				IPHONEOS_DEPLOYMENT_TARGET = 16.2;
				MTL_ENABLE_DEBUG_INFO = INCLUDE_SOURCE;
				MTL_FAST_MATH = YES;
				ONLY_ACTIVE_ARCH = YES;
				SDKROOT = iphoneos;
				SWIFT_ACTIVE_COMPILATION_CONDITIONS = DEBUG;
				SWIFT_OPTIMIZATION_LEVEL = "-Onone";
			};
			name = Debug;
		};
		29D76E042A5491EA00E64C41 /* Release */ = {
			isa = XCBuildConfiguration;
			buildSettings = {
				ALWAYS_SEARCH_USER_PATHS = NO;
				CLANG_ANALYZER_NONNULL = YES;
				CLANG_ANALYZER_NUMBER_OBJECT_CONVERSION = YES_AGGRESSIVE;
				CLANG_CXX_LANGUAGE_STANDARD = "gnu++20";
				CLANG_ENABLE_MODULES = YES;
				CLANG_ENABLE_OBJC_ARC = YES;
				CLANG_ENABLE_OBJC_WEAK = YES;
				CLANG_WARN_BLOCK_CAPTURE_AUTORELEASING = YES;
				CLANG_WARN_BOOL_CONVERSION = YES;
				CLANG_WARN_COMMA = YES;
				CLANG_WARN_CONSTANT_CONVERSION = YES;
				CLANG_WARN_DEPRECATED_OBJC_IMPLEMENTATIONS = YES;
				CLANG_WARN_DIRECT_OBJC_ISA_USAGE = YES_ERROR;
				CLANG_WARN_DOCUMENTATION_COMMENTS = YES;
				CLANG_WARN_EMPTY_BODY = YES;
				CLANG_WARN_ENUM_CONVERSION = YES;
				CLANG_WARN_INFINITE_RECURSION = YES;
				CLANG_WARN_INT_CONVERSION = YES;
				CLANG_WARN_NON_LITERAL_NULL_CONVERSION = YES;
				CLANG_WARN_OBJC_IMPLICIT_RETAIN_SELF = YES;
				CLANG_WARN_OBJC_LITERAL_CONVERSION = YES;
				CLANG_WARN_OBJC_ROOT_CLASS = YES_ERROR;
				CLANG_WARN_QUOTED_INCLUDE_IN_FRAMEWORK_HEADER = YES;
				CLANG_WARN_RANGE_LOOP_ANALYSIS = YES;
				CLANG_WARN_STRICT_PROTOTYPES = YES;
				CLANG_WARN_SUSPICIOUS_MOVE = YES;
				CLANG_WARN_UNGUARDED_AVAILABILITY = YES_AGGRESSIVE;
				CLANG_WARN_UNREACHABLE_CODE = YES;
				CLANG_WARN__DUPLICATE_METHOD_MATCH = YES;
				COPY_PHASE_STRIP = NO;
				DEBUG_INFORMATION_FORMAT = "dwarf-with-dsym";
				ENABLE_NS_ASSERTIONS = NO;
				ENABLE_STRICT_OBJC_MSGSEND = YES;
				GCC_C_LANGUAGE_STANDARD = gnu11;
				GCC_NO_COMMON_BLOCKS = YES;
				GCC_WARN_64_TO_32_BIT_CONVERSION = YES;
				GCC_WARN_ABOUT_RETURN_TYPE = YES_ERROR;
				GCC_WARN_UNDECLARED_SELECTOR = YES;
				GCC_WARN_UNINITIALIZED_AUTOS = YES_AGGRESSIVE;
				GCC_WARN_UNUSED_FUNCTION = YES;
				GCC_WARN_UNUSED_VARIABLE = YES;
				IPHONEOS_DEPLOYMENT_TARGET = 16.2;
				MTL_ENABLE_DEBUG_INFO = NO;
				MTL_FAST_MATH = YES;
				SDKROOT = iphoneos;
				SWIFT_COMPILATION_MODE = wholemodule;
				SWIFT_OPTIMIZATION_LEVEL = "-O";
				VALIDATE_PRODUCT = YES;
			};
			name = Release;
		};
		29D76E062A5491EA00E64C41 /* Debug */ = {
			isa = XCBuildConfiguration;
			buildSettings = {
				ASSETCATALOG_COMPILER_APPICON_NAME = AppIcon;
				ASSETCATALOG_COMPILER_GLOBAL_ACCENT_COLOR_NAME = AccentColor;
				CODE_SIGN_STYLE = Automatic;
				CURRENT_PROJECT_VERSION = 1;
				GENERATE_INFOPLIST_FILE = YES;
				INFOPLIST_FILE = EssentialApp/Info.plist;
				INFOPLIST_KEY_UIApplicationSupportsIndirectInputEvents = YES;
				INFOPLIST_KEY_UILaunchStoryboardName = LaunchScreen;
				INFOPLIST_KEY_UIMainStoryboardFile = Main;
				INFOPLIST_KEY_UISupportedInterfaceOrientations = UIInterfaceOrientationPortrait;
				INFOPLIST_KEY_UISupportedInterfaceOrientations_iPad = "UIInterfaceOrientationPortrait UIInterfaceOrientationPortraitUpsideDown";
				LD_RUNPATH_SEARCH_PATHS = (
					"$(inherited)",
					"@executable_path/Frameworks",
				);
				MARKETING_VERSION = 1.0;
				PRODUCT_BUNDLE_IDENTIFIER = com.ed.EssentialApp;
				PRODUCT_NAME = "$(TARGET_NAME)";
				SWIFT_EMIT_LOC_STRINGS = YES;
				SWIFT_VERSION = 5.0;
				TARGETED_DEVICE_FAMILY = "1,2";
			};
			name = Debug;
		};
		29D76E072A5491EA00E64C41 /* Release */ = {
			isa = XCBuildConfiguration;
			buildSettings = {
				ASSETCATALOG_COMPILER_APPICON_NAME = AppIcon;
				ASSETCATALOG_COMPILER_GLOBAL_ACCENT_COLOR_NAME = AccentColor;
				CODE_SIGN_STYLE = Automatic;
				CURRENT_PROJECT_VERSION = 1;
				GENERATE_INFOPLIST_FILE = YES;
				INFOPLIST_FILE = EssentialApp/Info.plist;
				INFOPLIST_KEY_UIApplicationSupportsIndirectInputEvents = YES;
				INFOPLIST_KEY_UILaunchStoryboardName = LaunchScreen;
				INFOPLIST_KEY_UIMainStoryboardFile = Main;
				INFOPLIST_KEY_UISupportedInterfaceOrientations = UIInterfaceOrientationPortrait;
				INFOPLIST_KEY_UISupportedInterfaceOrientations_iPad = "UIInterfaceOrientationPortrait UIInterfaceOrientationPortraitUpsideDown";
				LD_RUNPATH_SEARCH_PATHS = (
					"$(inherited)",
					"@executable_path/Frameworks",
				);
				MARKETING_VERSION = 1.0;
				PRODUCT_BUNDLE_IDENTIFIER = com.ed.EssentialApp;
				PRODUCT_NAME = "$(TARGET_NAME)";
				SWIFT_EMIT_LOC_STRINGS = YES;
				SWIFT_VERSION = 5.0;
				TARGETED_DEVICE_FAMILY = "1,2";
			};
			name = Release;
		};
		29D76E232A54994900E64C41 /* Debug */ = {
			isa = XCBuildConfiguration;
			buildSettings = {
				BUNDLE_LOADER = "$(TEST_HOST)";
				CLANG_ENABLE_MODULES = YES;
				CODE_SIGN_STYLE = Automatic;
				CURRENT_PROJECT_VERSION = 1;
				GENERATE_INFOPLIST_FILE = YES;
				IPHONEOS_DEPLOYMENT_TARGET = 16.2;
				LD_RUNPATH_SEARCH_PATHS = (
					"$(inherited)",
					"@executable_path/Frameworks",
					"@loader_path/Frameworks",
				);
				MACOSX_DEPLOYMENT_TARGET = 13.1;
				MARKETING_VERSION = 1.0;
				PRODUCT_BUNDLE_IDENTIFIER = com.ed.EssentialAppTests;
				PRODUCT_NAME = "$(TARGET_NAME)";
				SDKROOT = auto;
				SUPPORTED_PLATFORMS = "iphoneos iphonesimulator macosx";
				SWIFT_EMIT_LOC_STRINGS = NO;
				SWIFT_OPTIMIZATION_LEVEL = "-Onone";
				SWIFT_VERSION = 5.0;
				TARGETED_DEVICE_FAMILY = "1,2";
				TEST_HOST = "$(BUILT_PRODUCTS_DIR)/EssentialApp.app/$(BUNDLE_EXECUTABLE_FOLDER_PATH)/EssentialApp";
			};
			name = Debug;
		};
		29D76E242A54994900E64C41 /* Release */ = {
			isa = XCBuildConfiguration;
			buildSettings = {
				BUNDLE_LOADER = "$(TEST_HOST)";
				CLANG_ENABLE_MODULES = YES;
				CODE_SIGN_STYLE = Automatic;
				CURRENT_PROJECT_VERSION = 1;
				GENERATE_INFOPLIST_FILE = YES;
				IPHONEOS_DEPLOYMENT_TARGET = 16.2;
				LD_RUNPATH_SEARCH_PATHS = (
					"$(inherited)",
					"@executable_path/Frameworks",
					"@loader_path/Frameworks",
				);
				MACOSX_DEPLOYMENT_TARGET = 13.1;
				MARKETING_VERSION = 1.0;
				PRODUCT_BUNDLE_IDENTIFIER = com.ed.EssentialAppTests;
				PRODUCT_NAME = "$(TARGET_NAME)";
				SDKROOT = auto;
				SUPPORTED_PLATFORMS = "iphoneos iphonesimulator macosx";
				SWIFT_EMIT_LOC_STRINGS = NO;
				SWIFT_VERSION = 5.0;
				TARGETED_DEVICE_FAMILY = "1,2";
				TEST_HOST = "$(BUILT_PRODUCTS_DIR)/EssentialApp.app/$(BUNDLE_EXECUTABLE_FOLDER_PATH)/EssentialApp";
			};
			name = Release;
		};
		29D76E532A55C84300E64C41 /* Debug */ = {
			isa = XCBuildConfiguration;
			buildSettings = {
				CODE_SIGN_STYLE = Automatic;
				CURRENT_PROJECT_VERSION = 1;
				GENERATE_INFOPLIST_FILE = YES;
				MARKETING_VERSION = 1.0;
				PRODUCT_BUNDLE_IDENTIFIER = com.ed.EssentialAppUIAcceptanceTests;
				PRODUCT_NAME = "$(TARGET_NAME)";
				SWIFT_EMIT_LOC_STRINGS = NO;
				SWIFT_VERSION = 5.0;
				TARGETED_DEVICE_FAMILY = "1,2";
				TEST_TARGET_NAME = EssentialApp;
			};
			name = Debug;
		};
		29D76E542A55C84300E64C41 /* Release */ = {
			isa = XCBuildConfiguration;
			buildSettings = {
				CODE_SIGN_STYLE = Automatic;
				CURRENT_PROJECT_VERSION = 1;
				GENERATE_INFOPLIST_FILE = YES;
				MARKETING_VERSION = 1.0;
				PRODUCT_BUNDLE_IDENTIFIER = com.ed.EssentialAppUIAcceptanceTests;
				PRODUCT_NAME = "$(TARGET_NAME)";
				SWIFT_EMIT_LOC_STRINGS = NO;
				SWIFT_VERSION = 5.0;
				TARGETED_DEVICE_FAMILY = "1,2";
				TEST_TARGET_NAME = EssentialApp;
			};
			name = Release;
		};
/* End XCBuildConfiguration section */

/* Begin XCConfigurationList section */
		29D76DEC2A5491E900E64C41 /* Build configuration list for PBXProject "EssentialApp" */ = {
			isa = XCConfigurationList;
			buildConfigurations = (
				29D76E032A5491EA00E64C41 /* Debug */,
				29D76E042A5491EA00E64C41 /* Release */,
			);
			defaultConfigurationIsVisible = 0;
			defaultConfigurationName = Release;
		};
		29D76E052A5491EA00E64C41 /* Build configuration list for PBXNativeTarget "EssentialApp" */ = {
			isa = XCConfigurationList;
			buildConfigurations = (
				29D76E062A5491EA00E64C41 /* Debug */,
				29D76E072A5491EA00E64C41 /* Release */,
			);
			defaultConfigurationIsVisible = 0;
			defaultConfigurationName = Release;
		};
		29D76E222A54994900E64C41 /* Build configuration list for PBXNativeTarget "EssentialAppTests" */ = {
			isa = XCConfigurationList;
			buildConfigurations = (
				29D76E232A54994900E64C41 /* Debug */,
				29D76E242A54994900E64C41 /* Release */,
			);
			defaultConfigurationIsVisible = 0;
			defaultConfigurationName = Release;
		};
		29D76E522A55C84300E64C41 /* Build configuration list for PBXNativeTarget "EssentialAppUIAcceptanceTests" */ = {
			isa = XCConfigurationList;
			buildConfigurations = (
				29D76E532A55C84300E64C41 /* Debug */,
				29D76E542A55C84300E64C41 /* Release */,
			);
			defaultConfigurationIsVisible = 0;
			defaultConfigurationName = Release;
		};
/* End XCConfigurationList section */
	};
	rootObject = 29D76DE92A5491E900E64C41 /* Project object */;
}
